# THIS IS AN AUTOGENERATED FILE. DO NOT EDIT THIS FILE DIRECTLY.
# yarn lockfile v1


node-inserted@*:
  version "0.0.6"
  resolved "https://registry.yarnpkg.com/node-inserted/-/node-inserted-0.0.6.tgz#77689e71c4782c4841ee354876a0c2b146857828"

node-touch@^0.0.3:
  version "0.0.3"
  resolved "https://registry.yarnpkg.com/node-touch/-/node-touch-0.0.3.tgz#665613dd5029463b05b6d30bcb32c229ef43491f"
  dependencies:
    node-inserted "*"
